// !$*UTF8*$!
{
	archiveVersion = 1;
	classes = {
	};
	objectVersion = 46;
	objects = {

/* Begin PBXBuildFile section */
		AC501EB61C4E81E300CF9C38 /* AppDelegate.swift in Sources */ = {isa = PBXBuildFile; fileRef = AC501EB51C4E81E300CF9C38 /* AppDelegate.swift */; };
		AC501EB81C4E81E300CF9C38 /* ViewController.swift in Sources */ = {isa = PBXBuildFile; fileRef = AC501EB71C4E81E300CF9C38 /* ViewController.swift */; };
		AC501EBB1C4E81E300CF9C38 /* Main.storyboard in Resources */ = {isa = PBXBuildFile; fileRef = AC501EB91C4E81E300CF9C38 /* Main.storyboard */; };
		AC501EBD1C4E81E300CF9C38 /* Assets.xcassets in Resources */ = {isa = PBXBuildFile; fileRef = AC501EBC1C4E81E300CF9C38 /* Assets.xcassets */; };
		AC501EC01C4E81E300CF9C38 /* LaunchScreen.storyboard in Resources */ = {isa = PBXBuildFile; fileRef = AC501EBE1C4E81E300CF9C38 /* LaunchScreen.storyboard */; };
		AC501ECB1C4E81E300CF9C38 /* cookidTests.swift in Sources */ = {isa = PBXBuildFile; fileRef = AC501ECA1C4E81E300CF9C38 /* cookidTests.swift */; };
		AC501ED61C4E81E300CF9C38 /* cookidUITests.swift in Sources */ = {isa = PBXBuildFile; fileRef = AC501ED51C4E81E300CF9C38 /* cookidUITests.swift */; };
/* End PBXBuildFile section */

/* Begin PBXContainerItemProxy section */
		AC501EC71C4E81E300CF9C38 /* PBXContainerItemProxy */ = {
			isa = PBXContainerItemProxy;
			containerPortal = AC501EAA1C4E81E300CF9C38 /* Project object */;
			proxyType = 1;
			remoteGlobalIDString = AC501EB11C4E81E300CF9C38;
			remoteInfo = cookid;
		};
		AC501ED21C4E81E300CF9C38 /* PBXContainerItemProxy */ = {
			isa = PBXContainerItemProxy;
			containerPortal = AC501EAA1C4E81E300CF9C38 /* Project object */;
			proxyType = 1;
			remoteGlobalIDString = AC501EB11C4E81E300CF9C38;
			remoteInfo = cookid;
		};
/* End PBXContainerItemProxy section */

/* Begin PBXFileReference section */
		AC501EB21C4E81E300CF9C38 /* cookid.app */ = {isa = PBXFileReference; explicitFileType = wrapper.application; includeInIndex = 0; path = cookid.app; sourceTree = BUILT_PRODUCTS_DIR; };
		AC501EB51C4E81E300CF9C38 /* AppDelegate.swift */ = {isa = PBXFileReference; lastKnownFileType = sourcecode.swift; path = AppDelegate.swift; sourceTree = "<group>"; };
		AC501EB71C4E81E300CF9C38 /* ViewController.swift */ = {isa = PBXFileReference; lastKnownFileType = sourcecode.swift; path = ViewController.swift; sourceTree = "<group>"; };
		AC501EBA1C4E81E300CF9C38 /* Base */ = {isa = PBXFileReference; lastKnownFileType = file.storyboard; name = Base; path = Base.lproj/Main.storyboard; sourceTree = "<group>"; };
		AC501EBC1C4E81E300CF9C38 /* Assets.xcassets */ = {isa = PBXFileReference; lastKnownFileType = folder.assetcatalog; path = Assets.xcassets; sourceTree = "<group>"; };
		AC501EBF1C4E81E300CF9C38 /* Base */ = {isa = PBXFileReference; lastKnownFileType = file.storyboard; name = Base; path = Base.lproj/LaunchScreen.storyboard; sourceTree = "<group>"; };
		AC501EC11C4E81E300CF9C38 /* Info.plist */ = {isa = PBXFileReference; lastKnownFileType = text.plist.xml; path = Info.plist; sourceTree = "<group>"; };
		AC501EC61C4E81E300CF9C38 /* cookidTests.xctest */ = {isa = PBXFileReference; explicitFileType = wrapper.cfbundle; includeInIndex = 0; path = cookidTests.xctest; sourceTree = BUILT_PRODUCTS_DIR; };
		AC501ECA1C4E81E300CF9C38 /* cookidTests.swift */ = {isa = PBXFileReference; lastKnownFileType = sourcecode.swift; path = cookidTests.swift; sourceTree = "<group>"; };
		AC501ECC1C4E81E300CF9C38 /* Info.plist */ = {isa = PBXFileReference; lastKnownFileType = text.plist.xml; path = Info.plist; sourceTree = "<group>"; };
		AC501ED11C4E81E300CF9C38 /* cookidUITests.xctest */ = {isa = PBXFileReference; explicitFileType = wrapper.cfbundle; includeInIndex = 0; path = cookidUITests.xctest; sourceTree = BUILT_PRODUCTS_DIR; };
		AC501ED51C4E81E300CF9C38 /* cookidUITests.swift */ = {isa = PBXFileReference; lastKnownFileType = sourcecode.swift; path = cookidUITests.swift; sourceTree = "<group>"; };
		AC501ED71C4E81E300CF9C38 /* Info.plist */ = {isa = PBXFileReference; lastKnownFileType = text.plist.xml; path = Info.plist; sourceTree = "<group>"; };
/* End PBXFileReference section */

/* Begin PBXFrameworksBuildPhase section */
		AC501EAF1C4E81E300CF9C38 /* Frameworks */ = {
			isa = PBXFrameworksBuildPhase;
			buildActionMask = 2147483647;
			files = (
			);
			runOnlyForDeploymentPostprocessing = 0;
		};
		AC501EC31C4E81E300CF9C38 /* Frameworks */ = {
			isa = PBXFrameworksBuildPhase;
			buildActionMask = 2147483647;
			files = (
			);
			runOnlyForDeploymentPostprocessing = 0;
		};
		AC501ECE1C4E81E300CF9C38 /* Frameworks */ = {
			isa = PBXFrameworksBuildPhase;
			buildActionMask = 2147483647;
			files = (
			);
			runOnlyForDeploymentPostprocessing = 0;
		};
/* End PBXFrameworksBuildPhase section */

/* Begin PBXGroup section */
		AC501EA91C4E81E300CF9C38 = {
			isa = PBXGroup;
			children = (
				AC501EB41C4E81E300CF9C38 /* cookid */,
				AC501EC91C4E81E300CF9C38 /* cookidTests */,
				AC501ED41C4E81E300CF9C38 /* cookidUITests */,
				AC501EB31C4E81E300CF9C38 /* Products */,
			);
			sourceTree = "<group>";
		};
		AC501EB31C4E81E300CF9C38 /* Products */ = {
			isa = PBXGroup;
			children = (
				AC501EB21C4E81E300CF9C38 /* cookid.app */,
				AC501EC61C4E81E300CF9C38 /* cookidTests.xctest */,
				AC501ED11C4E81E300CF9C38 /* cookidUITests.xctest */,
			);
			name = Products;
			sourceTree = "<group>";
		};
		AC501EB41C4E81E300CF9C38 /* cookid */ = {
			isa = PBXGroup;
			children = (
				AC501EB51C4E81E300CF9C38 /* AppDelegate.swift */,
				AC501EB71C4E81E300CF9C38 /* ViewController.swift */,
				AC501EB91C4E81E300CF9C38 /* Main.storyboard */,
				AC501EBC1C4E81E300CF9C38 /* Assets.xcassets */,
				AC501EBE1C4E81E300CF9C38 /* LaunchScreen.storyboard */,
				AC501EC11C4E81E300CF9C38 /* Info.plist */,
			);
			path = cookid;
			sourceTree = "<group>";
		};
		AC501EC91C4E81E300CF9C38 /* cookidTests */ = {
			isa = PBXGroup;
			children = (
				AC501ECA1C4E81E300CF9C38 /* cookidTests.swift */,
				AC501ECC1C4E81E300CF9C38 /* Info.plist */,
			);
			path = cookidTests;
			sourceTree = "<group>";
		};
		AC501ED41C4E81E300CF9C38 /* cookidUITests */ = {
			isa = PBXGroup;
			children = (
				AC501ED51C4E81E300CF9C38 /* cookidUITests.swift */,
				AC501ED71C4E81E300CF9C38 /* Info.plist */,
			);
			path = cookidUITests;
			sourceTree = "<group>";
		};
/* End PBXGroup section */

/* Begin PBXNativeTarget section */
		AC501EB11C4E81E300CF9C38 /* cookid */ = {
			isa = PBXNativeTarget;
			buildConfigurationList = AC501EDA1C4E81E300CF9C38 /* Build configuration list for PBXNativeTarget "cookid" */;
			buildPhases = (
				AC501EAE1C4E81E300CF9C38 /* Sources */,
				AC501EAF1C4E81E300CF9C38 /* Frameworks */,
				AC501EB01C4E81E300CF9C38 /* Resources */,
			);
			buildRules = (
			);
			dependencies = (
			);
			name = cookid;
			productName = cookid;
			productReference = AC501EB21C4E81E300CF9C38 /* cookid.app */;
			productType = "com.apple.product-type.application";
		};
		AC501EC51C4E81E300CF9C38 /* cookidTests */ = {
			isa = PBXNativeTarget;
			buildConfigurationList = AC501EDD1C4E81E300CF9C38 /* Build configuration list for PBXNativeTarget "cookidTests" */;
			buildPhases = (
				AC501EC21C4E81E300CF9C38 /* Sources */,
				AC501EC31C4E81E300CF9C38 /* Frameworks */,
				AC501EC41C4E81E300CF9C38 /* Resources */,
			);
			buildRules = (
			);
			dependencies = (
				AC501EC81C4E81E300CF9C38 /* PBXTargetDependency */,
			);
			name = cookidTests;
			productName = cookidTests;
			productReference = AC501EC61C4E81E300CF9C38 /* cookidTests.xctest */;
			productType = "com.apple.product-type.bundle.unit-test";
		};
		AC501ED01C4E81E300CF9C38 /* cookidUITests */ = {
			isa = PBXNativeTarget;
			buildConfigurationList = AC501EE01C4E81E300CF9C38 /* Build configuration list for PBXNativeTarget "cookidUITests" */;
			buildPhases = (
				AC501ECD1C4E81E300CF9C38 /* Sources */,
				AC501ECE1C4E81E300CF9C38 /* Frameworks */,
				AC501ECF1C4E81E300CF9C38 /* Resources */,
			);
			buildRules = (
			);
			dependencies = (
				AC501ED31C4E81E300CF9C38 /* PBXTargetDependency */,
			);
			name = cookidUITests;
			productName = cookidUITests;
			productReference = AC501ED11C4E81E300CF9C38 /* cookidUITests.xctest */;
			productType = "com.apple.product-type.bundle.ui-testing";
		};
/* End PBXNativeTarget section */

/* Begin PBXProject section */
		AC501EAA1C4E81E300CF9C38 /* Project object */ = {
			isa = PBXProject;
			attributes = {
				LastUpgradeCheck = 0700;
				ORGANIZATIONNAME = "Utilisateur invité";
				TargetAttributes = {
					AC501EB11C4E81E300CF9C38 = {
						CreatedOnToolsVersion = 7.0;
					};
					AC501EC51C4E81E300CF9C38 = {
						CreatedOnToolsVersion = 7.0;
						TestTargetID = AC501EB11C4E81E300CF9C38;
					};
					AC501ED01C4E81E300CF9C38 = {
						CreatedOnToolsVersion = 7.0;
						TestTargetID = AC501EB11C4E81E300CF9C38;
					};
				};
			};
			buildConfigurationList = AC501EAD1C4E81E300CF9C38 /* Build configuration list for PBXProject "cookid" */;
			compatibilityVersion = "Xcode 3.2";
			developmentRegion = English;
			hasScannedForEncodings = 0;
			knownRegions = (
				en,
				Base,
			);
			mainGroup = AC501EA91C4E81E300CF9C38;
			productRefGroup = AC501EB31C4E81E300CF9C38 /* Products */;
			projectDirPath = "";
			projectRoot = "";
			targets = (
				AC501EB11C4E81E300CF9C38 /* cookid */,
				AC501EC51C4E81E300CF9C38 /* cookidTests */,
				AC501ED01C4E81E300CF9C38 /* cookidUITests */,
			);
		};
/* End PBXProject section */

/* Begin PBXResourcesBuildPhase section */
		AC501EB01C4E81E300CF9C38 /* Resources */ = {
			isa = PBXResourcesBuildPhase;
			buildActionMask = 2147483647;
			files = (
				AC501EC01C4E81E300CF9C38 /* LaunchScreen.storyboard in Resources */,
				AC501EBD1C4E81E300CF9C38 /* Assets.xcassets in Resources */,
				AC501EBB1C4E81E300CF9C38 /* Main.storyboard in Resources */,
			);
			runOnlyForDeploymentPostprocessing = 0;
		};
		AC501EC41C4E81E300CF9C38 /* Resources */ = {
			isa = PBXResourcesBuildPhase;
			buildActionMask = 2147483647;
			files = (
			);
			runOnlyForDeploymentPostprocessing = 0;
		};
		AC501ECF1C4E81E300CF9C38 /* Resources */ = {
			isa = PBXResourcesBuildPhase;
			buildActionMask = 2147483647;
			files = (
			);
			runOnlyForDeploymentPostprocessing = 0;
		};
/* End PBXResourcesBuildPhase section */

/* Begin PBXSourcesBuildPhase section */
		AC501EAE1C4E81E300CF9C38 /* Sources */ = {
			isa = PBXSourcesBuildPhase;
			buildActionMask = 2147483647;
			files = (
				AC501EB81C4E81E300CF9C38 /* ViewController.swift in Sources */,
				AC501EB61C4E81E300CF9C38 /* AppDelegate.swift in Sources */,
			);
			runOnlyForDeploymentPostprocessing = 0;
		};
		AC501EC21C4E81E300CF9C38 /* Sources */ = {
			isa = PBXSourcesBuildPhase;
			buildActionMask = 2147483647;
			files = (
				AC501ECB1C4E81E300CF9C38 /* cookidTests.swift in Sources */,
			);
			runOnlyForDeploymentPostprocessing = 0;
		};
		AC501ECD1C4E81E300CF9C38 /* Sources */ = {
			isa = PBXSourcesBuildPhase;
			buildActionMask = 2147483647;
			files = (
				AC501ED61C4E81E300CF9C38 /* cookidUITests.swift in Sources */,
			);
			runOnlyForDeploymentPostprocessing = 0;
		};
/* End PBXSourcesBuildPhase section */

/* Begin PBXTargetDependency section */
		AC501EC81C4E81E300CF9C38 /* PBXTargetDependency */ = {
			isa = PBXTargetDependency;
			target = AC501EB11C4E81E300CF9C38 /* cookid */;
			targetProxy = AC501EC71C4E81E300CF9C38 /* PBXContainerItemProxy */;
		};
		AC501ED31C4E81E300CF9C38 /* PBXTargetDependency */ = {
			isa = PBXTargetDependency;
			target = AC501EB11C4E81E300CF9C38 /* cookid */;
			targetProxy = AC501ED21C4E81E300CF9C38 /* PBXContainerItemProxy */;
		};
/* End PBXTargetDependency section */

/* Begin PBXVariantGroup section */
		AC501EB91C4E81E300CF9C38 /* Main.storyboard */ = {
			isa = PBXVariantGroup;
			children = (
				AC501EBA1C4E81E300CF9C38 /* Base */,
			);
			name = Main.storyboard;
			sourceTree = "<group>";
		};
		AC501EBE1C4E81E300CF9C38 /* LaunchScreen.storyboard */ = {
			isa = PBXVariantGroup;
			children = (
				AC501EBF1C4E81E300CF9C38 /* Base */,
			);
			name = LaunchScreen.storyboard;
			sourceTree = "<group>";
		};
/* End PBXVariantGroup section */

/* Begin XCBuildConfiguration section */
		AC501ED81C4E81E300CF9C38 /* Debug */ = {
			isa = XCBuildConfiguration;
			buildSettings = {
				ALWAYS_SEARCH_USER_PATHS = NO;
				CLANG_CXX_LANGUAGE_STANDARD = "gnu++0x";
				CLANG_CXX_LIBRARY = "libc++";
				CLANG_ENABLE_MODULES = YES;
				CLANG_ENABLE_OBJC_ARC = YES;
				CLANG_WARN_BOOL_CONVERSION = YES;
				CLANG_WARN_CONSTANT_CONVERSION = YES;
				CLANG_WARN_DIRECT_OBJC_ISA_USAGE = YES_ERROR;
				CLANG_WARN_EMPTY_BODY = YES;
				CLANG_WARN_ENUM_CONVERSION = YES;
				CLANG_WARN_INT_CONVERSION = YES;
				CLANG_WARN_OBJC_ROOT_CLASS = YES_ERROR;
				CLANG_WARN_UNREACHABLE_CODE = YES;
				CLANG_WARN__DUPLICATE_METHOD_MATCH = YES;
				"CODE_SIGN_IDENTITY[sdk=iphoneos*]" = "iPhone Developer";
				COPY_PHASE_STRIP = NO;
				DEBUG_INFORMATION_FORMAT = dwarf;
				ENABLE_STRICT_OBJC_MSGSEND = YES;
				ENABLE_TESTABILITY = YES;
				GCC_C_LANGUAGE_STANDARD = gnu99;
				GCC_DYNAMIC_NO_PIC = NO;
				GCC_NO_COMMON_BLOCKS = YES;
				GCC_OPTIMIZATION_LEVEL = 0;
				GCC_PREPROCESSOR_DEFINITIONS = (
					"DEBUG=1",
					"$(inherited)",
				);
				GCC_WARN_64_TO_32_BIT_CONVERSION = YES;
				GCC_WARN_ABOUT_RETURN_TYPE = YES_ERROR;
				GCC_WARN_UNDECLARED_SELECTOR = YES;
				GCC_WARN_UNINITIALIZED_AUTOS = YES_AGGRESSIVE;
				GCC_WARN_UNUSED_FUNCTION = YES;
				GCC_WARN_UNUSED_VARIABLE = YES;
				IPHONEOS_DEPLOYMENT_TARGET = 9.0;
				MTL_ENABLE_DEBUG_INFO = YES;
				ONLY_ACTIVE_ARCH = YES;
				SDKROOT = iphoneos;
				SWIFT_OPTIMIZATION_LEVEL = "-Onone";
				TARGETED_DEVICE_FAMILY = "1,2";
			};
			name = Debug;
		};
		AC501ED91C4E81E300CF9C38 /* Release */ = {
			isa = XCBuildConfiguration;
			buildSettings = {
				ALWAYS_SEARCH_USER_PATHS = NO;
				CLANG_CXX_LANGUAGE_STANDARD = "gnu++0x";
				CLANG_CXX_LIBRARY = "libc++";
				CLANG_ENABLE_MODULES = YES;
				CLANG_ENABLE_OBJC_ARC = YES;
				CLANG_WARN_BOOL_CONVERSION = YES;
				CLANG_WARN_CONSTANT_CONVERSION = YES;
				CLANG_WARN_DIRECT_OBJC_ISA_USAGE = YES_ERROR;
				CLANG_WARN_EMPTY_BODY = YES;
				CLANG_WARN_ENUM_CONVERSION = YES;
				CLANG_WARN_INT_CONVERSION = YES;
				CLANG_WARN_OBJC_ROOT_CLASS = YES_ERROR;
				CLANG_WARN_UNREACHABLE_CODE = YES;
				CLANG_WARN__DUPLICATE_METHOD_MATCH = YES;
				"CODE_SIGN_IDENTITY[sdk=iphoneos*]" = "iPhone Developer";
				COPY_PHASE_STRIP = NO;
				DEBUG_INFORMATION_FORMAT = "dwarf-with-dsym";
				ENABLE_NS_ASSERTIONS = NO;
				ENABLE_STRICT_OBJC_MSGSEND = YES;
				GCC_C_LANGUAGE_STANDARD = gnu99;
				GCC_NO_COMMON_BLOCKS = YES;
				GCC_WARN_64_TO_32_BIT_CONVERSION = YES;
				GCC_WARN_ABOUT_RETURN_TYPE = YES_ERROR;
				GCC_WARN_UNDECLARED_SELECTOR = YES;
				GCC_WARN_UNINITIALIZED_AUTOS = YES_AGGRESSIVE;
				GCC_WARN_UNUSED_FUNCTION = YES;
				GCC_WARN_UNUSED_VARIABLE = YES;
				IPHONEOS_DEPLOYMENT_TARGET = 9.0;
				MTL_ENABLE_DEBUG_INFO = NO;
				SDKROOT = iphoneos;
				TARGETED_DEVICE_FAMILY = "1,2";
				VALIDATE_PRODUCT = YES;
			};
			name = Release;
		};
		AC501EDB1C4E81E300CF9C38 /* Debug */ = {
			isa = XCBuildConfiguration;
			buildSettings = {
				ASSETCATALOG_COMPILER_APPICON_NAME = AppIcon;
				INFOPLIST_FILE = cookid/Info.plist;
				LD_RUNPATH_SEARCH_PATHS = "$(inherited) @executable_path/Frameworks";
				PRODUCT_BUNDLE_IDENTIFIER = profiler.cookid;
				PRODUCT_NAME = "$(TARGET_NAME)";
			};
			name = Debug;
		};
		AC501EDC1C4E81E300CF9C38 /* Release */ = {
			isa = XCBuildConfiguration;
			buildSettings = {
				ASSETCATALOG_COMPILER_APPICON_NAME = AppIcon;
				INFOPLIST_FILE = cookid/Info.plist;
				LD_RUNPATH_SEARCH_PATHS = "$(inherited) @executable_path/Frameworks";
				PRODUCT_BUNDLE_IDENTIFIER = profiler.cookid;
				PRODUCT_NAME = "$(TARGET_NAME)";
			};
			name = Release;
		};
		AC501EDE1C4E81E300CF9C38 /* Debug */ = {
			isa = XCBuildConfiguration;
			buildSettings = {
				BUNDLE_LOADER = "$(TEST_HOST)";
				INFOPLIST_FILE = cookidTests/Info.plist;
				LD_RUNPATH_SEARCH_PATHS = "$(inherited) @executable_path/Frameworks @loader_path/Frameworks";
				PRODUCT_BUNDLE_IDENTIFIER = profiler.cookidTests;
				PRODUCT_NAME = "$(TARGET_NAME)";
				TEST_HOST = "$(BUILT_PRODUCTS_DIR)/cookid.app/cookid";
			};
			name = Debug;
		};
		AC501EDF1C4E81E300CF9C38 /* Release */ = {
			isa = XCBuildConfiguration;
			buildSettings = {
				BUNDLE_LOADER = "$(TEST_HOST)";
				INFOPLIST_FILE = cookidTests/Info.plist;
				LD_RUNPATH_SEARCH_PATHS = "$(inherited) @executable_path/Frameworks @loader_path/Frameworks";
				PRODUCT_BUNDLE_IDENTIFIER = profiler.cookidTests;
				PRODUCT_NAME = "$(TARGET_NAME)";
				TEST_HOST = "$(BUILT_PRODUCTS_DIR)/cookid.app/cookid";
			};
			name = Release;
		};
		AC501EE11C4E81E300CF9C38 /* Debug */ = {
			isa = XCBuildConfiguration;
			buildSettings = {
				INFOPLIST_FILE = cookidUITests/Info.plist;
				LD_RUNPATH_SEARCH_PATHS = "$(inherited) @executable_path/Frameworks @loader_path/Frameworks";
				PRODUCT_BUNDLE_IDENTIFIER = profiler.cookidUITests;
				PRODUCT_NAME = "$(TARGET_NAME)";
				TEST_TARGET_NAME = cookid;
				USES_XCTRUNNER = YES;
			};
			name = Debug;
		};
		AC501EE21C4E81E300CF9C38 /* Release */ = {
			isa = XCBuildConfiguration;
			buildSettings = {
				INFOPLIST_FILE = cookidUITests/Info.plist;
				LD_RUNPATH_SEARCH_PATHS = "$(inherited) @executable_path/Frameworks @loader_path/Frameworks";
				PRODUCT_BUNDLE_IDENTIFIER = profiler.cookidUITests;
				PRODUCT_NAME = "$(TARGET_NAME)";
				TEST_TARGET_NAME = cookid;
				USES_XCTRUNNER = YES;
			};
			name = Release;
		};
/* End XCBuildConfiguration section */

/* Begin XCConfigurationList section */
		AC501EAD1C4E81E300CF9C38 /* Build configuration list for PBXProject "cookid" */ = {
			isa = XCConfigurationList;
			buildConfigurations = (
				AC501ED81C4E81E300CF9C38 /* Debug */,
				AC501ED91C4E81E300CF9C38 /* Release */,
			);
			defaultConfigurationIsVisible = 0;
			defaultConfigurationName = Release;
		};
		AC501EDA1C4E81E300CF9C38 /* Build configuration list for PBXNativeTarget "cookid" */ = {
			isa = XCConfigurationList;
			buildConfigurations = (
				AC501EDB1C4E81E300CF9C38 /* Debug */,
				AC501EDC1C4E81E300CF9C38 /* Release */,
			);
			defaultConfigurationIsVisible = 0;
		};
		AC501EDD1C4E81E300CF9C38 /* Build configuration list for PBXNativeTarget "cookidTests" */ = {
			isa = XCConfigurationList;
			buildConfigurations = (
				AC501EDE1C4E81E300CF9C38 /* Debug */,
				AC501EDF1C4E81E300CF9C38 /* Release */,
			);
			defaultConfigurationIsVisible = 0;
		};
		AC501EE01C4E81E300CF9C38 /* Build configuration list for PBXNativeTarget "cookidUITests" */ = {
			isa = XCConfigurationList;
			buildConfigurations = (
				AC501EE11C4E81E300CF9C38 /* Debug */,
				AC501EE21C4E81E300CF9C38 /* Release */,
			);
			defaultConfigurationIsVisible = 0;
		};
/* End XCConfigurationList section */
	};
	rootObject = AC501EAA1C4E81E300CF9C38 /* Project object */;
}
